
Microsoft Visual Studio Solution File, Format Version 12.00
# Visual Studio Version 17
VisualStudioVersion = 17.10.35122.118
MinimumVisualStudioVersion = 10.0.40219.1
Project("{9A19103F-16F7-4668-BE54-9A1E7A4F7556}") = "CRUDExample", "CRUDExample\CRUDExample.csproj", "{F7267DDA-047F-4AAE-86E9-6A3A87B63A85}"
EndProject
Project("{9A19103F-16F7-4668-BE54-9A1E7A4F7556}") = "CRUDTests", "CRUDTests\CRUDTests.csproj", "{7FCCC51A-08D7-491E-BF8C-921021D598FF}"
EndProject
Project("{9A19103F-16F7-4668-BE54-9A1E7A4F7556}") = "Entities", "Entities\Entities.csproj", "{762139A0-7CAB-4ACA-AB4D-460B7CFB8BDC}"
EndProject
Project("{9A19103F-16F7-4668-BE54-9A1E7A4F7556}") = "ServiceContracts", "ServiceContracts\ServiceContracts.csproj", "{9C8EF70B-41C1-4AE0-87E7-5F8722B1C956}"
EndProject
Project("{9A19103F-16F7-4668-BE54-9A1E7A4F7556}") = "Services", "Services\Services.csproj", "{29C85B55-DCFA-4A93-BFFA-F9A81A2A2664}"
EndProject
Project("{FAE04EC0-301F-11D3-BF4B-00C04F79EFBC}") = "RepoCon", "RepoCon\RepoCon.csproj", "{4350FCFA-4C8E-4A50-8F17-256078FB522F}"
EndProject
Project("{FAE04EC0-301F-11D3-BF4B-00C04F79EFBC}") = "Repos", "Repos\Repos.csproj", "{979EEBE3-5E55-4F0A-90E7-89B16248A97F}"
EndProject
Global
	GlobalSection(SolutionConfigurationPlatforms) = preSolution
		Debug|Any CPU = Debug|Any CPU
		Release|Any CPU = Release|Any CPU
	EndGlobalSection
	GlobalSection(ProjectConfigurationPlatforms) = postSolution
		{F7267DDA-047F-4AAE-86E9-6A3A87B63A85}.Debug|Any CPU.ActiveCfg = Debug|Any CPU
		{F7267DDA-047F-4AAE-86E9-6A3A87B63A85}.Debug|Any CPU.Build.0 = Debug|Any CPU
		{F7267DDA-047F-4AAE-86E9-6A3A87B63A85}.Release|Any CPU.ActiveCfg = Release|Any CPU
		{F7267DDA-047F-4AAE-86E9-6A3A87B63A85}.Release|Any CPU.Build.0 = Release|Any CPU
		{7FCCC51A-08D7-491E-BF8C-921021D598FF}.Debug|Any CPU.ActiveCfg = Debug|Any CPU
		{7FCCC51A-08D7-491E-BF8C-921021D598FF}.Debug|Any CPU.Build.0 = Debug|Any CPU
		{7FCCC51A-08D7-491E-BF8C-921021D598FF}.Release|Any CPU.ActiveCfg = Release|Any CPU
		{7FCCC51A-08D7-491E-BF8C-921021D598FF}.Release|Any CPU.Build.0 = Release|Any CPU
		{762139A0-7CAB-4ACA-AB4D-460B7CFB8BDC}.Debug|Any CPU.ActiveCfg = Debug|Any CPU
		{762139A0-7CAB-4ACA-AB4D-460B7CFB8BDC}.Debug|Any CPU.Build.0 = Debug|Any CPU
		{762139A0-7CAB-4ACA-AB4D-460B7CFB8BDC}.Release|Any CPU.ActiveCfg = Release|Any CPU
		{762139A0-7CAB-4ACA-AB4D-460B7CFB8BDC}.Release|Any CPU.Build.0 = Release|Any CPU
		{9C8EF70B-41C1-4AE0-87E7-5F8722B1C956}.Debug|Any CPU.ActiveCfg = Debug|Any CPU
		{9C8EF70B-41C1-4AE0-87E7-5F8722B1C956}.Debug|Any CPU.Build.0 = Debug|Any CPU
		{9C8EF70B-41C1-4AE0-87E7-5F8722B1C956}.Release|Any CPU.ActiveCfg = Release|Any CPU
		{9C8EF70B-41C1-4AE0-87E7-5F8722B1C956}.Release|Any CPU.Build.0 = Release|Any CPU
		{29C85B55-DCFA-4A93-BFFA-F9A81A2A2664}.Debug|Any CPU.ActiveCfg = Debug|Any CPU
		{29C85B55-DCFA-4A93-BFFA-F9A81A2A2664}.Debug|Any CPU.Build.0 = Debug|Any CPU
		{29C85B55-DCFA-4A93-BFFA-F9A81A2A2664}.Release|Any CPU.ActiveCfg = Release|Any CPU
		{29C85B55-DCFA-4A93-BFFA-F9A81A2A2664}.Release|Any CPU.Build.0 = Release|Any CPU
		{4350FCFA-4C8E-4A50-8F17-256078FB522F}.Debug|Any CPU.ActiveCfg = Debug|Any CPU
		{4350FCFA-4C8E-4A50-8F17-256078FB522F}.Debug|Any CPU.Build.0 = Debug|Any CPU
		{4350FCFA-4C8E-4A50-8F17-256078FB522F}.Release|Any CPU.ActiveCfg = Release|Any CPU
		{4350FCFA-4C8E-4A50-8F17-256078FB522F}.Release|Any CPU.Build.0 = Release|Any CPU
		{979EEBE3-5E55-4F0A-90E7-89B16248A97F}.Debug|Any CPU.ActiveCfg = Debug|Any CPU
		{979EEBE3-5E55-4F0A-90E7-89B16248A97F}.Debug|Any CPU.Build.0 = Debug|Any CPU
		{979EEBE3-5E55-4F0A-90E7-89B16248A97F}.Release|Any CPU.ActiveCfg = Release|Any CPU
		{979EEBE3-5E55-4F0A-90E7-89B16248A97F}.Release|Any CPU.Build.0 = Release|Any CPU
	EndGlobalSection
	GlobalSection(SolutionProperties) = preSolution
		HideSolutionNode = FALSE
	EndGlobalSection
	GlobalSection(ExtensibilityGlobals) = postSolution
		SolutionGuid = {2A9D720F-438A-468F-8A5E-95113F305D54}
	EndGlobalSection
EndGlobal
